dependencies:
- name: pgcluster
  repository: https://jihulab.com/api/v4/projects/85949/packages/helm/stable
  version: 0.4.5
- name: redis-cluster
  repository: https://jihulab.com/api/v4/projects/85949/packages/helm/stable
  version: 0.4.5
digest: sha256:e637e4eb46ad6bede70c04e7b1a5376f0bc7be5c9500513816b0472de56431c1
generated: "2023-05-09T22:25:29.379529+08:00"
