dependencies:
- name: wesql
  repository: file://../wesql
  version: 0.1.4
- name: grafana
  repository: https://grafana.github.io/helm-charts
  version: 6.43.5
- name: prometheus
  repository: https://prometheus-community.github.io/helm-charts
  version: 15.16.1
- name: loadbalancer
  repository: file://../loadbalancer
  version: 0.1.0
- name: snapshot-controller
  repository: https://piraeus.io/helm-charts
  version: 1.6.2
- name: csi-s3
  repository: https://github.com/CloudVE/helm-charts/raw/master
  version: 0.31.3
digest: sha256:126814d29a6124d4ea05daad4e87acbf2ba085ce806a62f310da80dd252e7f2d
generated: "2022-11-29T15:14:26.428527+08:00"
