dependencies:
- name: apecloud-mysql
  repository: file://../apecloud-mysql
  version: 0.1.8
- name: postgresql
  repository: file://../postgresql
  version: 0.2.0
- name: loadbalancer
  repository: file://../loadbalancer
  version: 0.1.1
- name: grafana
  repository: ""
  version: 6.43.*
- name: prometheus
  repository: ""
  version: 15.15 - 15.16
- name: snapshot-controller
  repository: ""
  version: 1.*
- name: csi-s3
  repository: ""
  version: 0.*
- name: alertmanager-webhook-adaptor
  repository: ""
  version: 0.1.*
digest: sha256:76cafb289c4128e6e63049b9f3c2c3f82971408bdc54bb2f4ce847e1d096618c
generated: "2023-03-08T16:38:48.025594+08:00"
